{
  "name": "hex-to-rgba-cli",
  "version": "1.0.0",
  "lockfileVersion": 3,
  "requires": true,
  "packages": {
    "": {
      "name": "hex-to-rgba-cli",
      "version": "1.0.0",
      "license": "MIT",
      "bin": {
        "hex-to-rgba": "index.js"
      },
      "devDependencies": {}
    }
  }
}
